{
  "name": "@pulseboard/widgets",
  "version": "0.0.1",
  "lockfileVersion": 3,
  "requires": true,
  "packages": {
    "": {
      "name": "@pulseboard/widgets",
      "version": "0.0.1",
      "dependencies": {
        "@pulseboard/widgets": "file:"
      }
    },
    "node_modules/@pulseboard/widgets": {
      "resolved": "",
      "link": true
    }
  }
}
